
Microsoft Visual Studio Solution File, Format Version 12.00
# Visual Studio Version 16
VisualStudioVersion = 16.0.31515.178
MinimumVisualStudioVersion = 10.0.40219.1
Project("{FAE04EC0-301F-11D3-BF4B-00C04F79EFBC}") = "ErwisApi", "ErwisApi.csproj", "{EDCE0DF2-3622-44DF-89D8-3431D0F4D98F}"
EndProject
Global
	GlobalSection(SolutionConfigurationPlatforms) = preSolution
		Debug|Any CPU = Debug|Any CPU
		Release|Any CPU = Release|Any CPU
	EndGlobalSection
	GlobalSection(ProjectConfigurationPlatforms) = postSolution
		{EDCE0DF2-3622-44DF-89D8-3431D0F4D98F}.Debug|Any CPU.ActiveCfg = Debug|Any CPU
		{EDCE0DF2-3622-44DF-89D8-3431D0F4D98F}.Debug|Any CPU.Build.0 = Debug|Any CPU
		{EDCE0DF2-3622-44DF-89D8-3431D0F4D98F}.Release|Any CPU.ActiveCfg = Release|Any CPU
		{EDCE0DF2-3622-44DF-89D8-3431D0F4D98F}.Release|Any CPU.Build.0 = Release|Any CPU
	EndGlobalSection
	GlobalSection(SolutionProperties) = preSolution
		HideSolutionNode = FALSE
	EndGlobalSection
	GlobalSection(ExtensibilityGlobals) = postSolution
		SolutionGuid = {860C8E8F-DD5D-488D-9531-D3DECA0CC8C9}
	EndGlobalSection
EndGlobal
